// !$*UTF8*$!
{
	archiveVersion = 1;
	classes = {
	};
	objectVersion = 46;
	objects = {

/* Begin PBXBuildFile section */
		1E25387018C19D6C002DDF9A /* GraphPartial.m in Sources */ = {isa = PBXBuildFile; fileRef = 1E25386F18C19D6C002DDF9A /* GraphPartial.m */; };
		1E6CDB7518B447330063EB37 /* Foundation.framework in Frameworks */ = {isa = PBXBuildFile; fileRef = 1E6CDB7418B447330063EB37 /* Foundation.framework */; };
		1E6CDB7718B447330063EB37 /* CoreGraphics.framework in Frameworks */ = {isa = PBXBuildFile; fileRef = 1E6CDB7618B447330063EB37 /* CoreGraphics.framework */; };
		1E6CDB7918B447330063EB37 /* UIKit.framework in Frameworks */ = {isa = PBXBuildFile; fileRef = 1E6CDB7818B447330063EB37 /* UIKit.framework */; };
		1E6CDB7F18B447330063EB37 /* InfoPlist.strings in Resources */ = {isa = PBXBuildFile; fileRef = 1E6CDB7D18B447330063EB37 /* InfoPlist.strings */; };
		1E6CDB8118B447330063EB37 /* main.m in Sources */ = {isa = PBXBuildFile; fileRef = 1E6CDB8018B447330063EB37 /* main.m */; };
		1E6CDB8518B447330063EB37 /* AppDelegate.m in Sources */ = {isa = PBXBuildFile; fileRef = 1E6CDB8418B447330063EB37 /* AppDelegate.m */; };
		1E6CDB8818B447330063EB37 /* Main_iPhone.storyboard in Resources */ = {isa = PBXBuildFile; fileRef = 1E6CDB8618B447330063EB37 /* Main_iPhone.storyboard */; };
		1E6CDB8B18B447330063EB37 /* Main_iPad.storyboard in Resources */ = {isa = PBXBuildFile; fileRef = 1E6CDB8918B447330063EB37 /* Main_iPad.storyboard */; };
		1E6CDB9018B447330063EB37 /* Images.xcassets in Resources */ = {isa = PBXBuildFile; fileRef = 1E6CDB8F18B447330063EB37 /* Images.xcassets */; };
		1E6CDB9718B447330063EB37 /* XCTest.framework in Frameworks */ = {isa = PBXBuildFile; fileRef = 1E6CDB9618B447330063EB37 /* XCTest.framework */; };
		1E6CDB9818B447330063EB37 /* Foundation.framework in Frameworks */ = {isa = PBXBuildFile; fileRef = 1E6CDB7418B447330063EB37 /* Foundation.framework */; };
		1E6CDB9918B447330063EB37 /* UIKit.framework in Frameworks */ = {isa = PBXBuildFile; fileRef = 1E6CDB7818B447330063EB37 /* UIKit.framework */; };
		1E6CDBA118B447330063EB37 /* InfoPlist.strings in Resources */ = {isa = PBXBuildFile; fileRef = 1E6CDB9F18B447330063EB37 /* InfoPlist.strings */; };
		1E6CDBA318B447330063EB37 /* DiscountTests.m in Sources */ = {isa = PBXBuildFile; fileRef = 1E6CDBA218B447330063EB37 /* DiscountTests.m */; };
		1E6CDBAE18B49A800063EB37 /* Price.m in Sources */ = {isa = PBXBuildFile; fileRef = 1E6CDBAD18B49A800063EB37 /* Price.m */; };
		1EC0B19C18C5BFCE00720C6A /* README.txt in Resources */ = {isa = PBXBuildFile; fileRef = 1EC0B19B18C5BFCE00720C6A /* README.txt */; };
		1EDC2FB218C099F600B1776D /* DiscountViewController.m in Sources */ = {isa = PBXBuildFile; fileRef = 1EDC2FB118C099F600B1776D /* DiscountViewController.m */; };
		1EDC2FB518C09A8700B1776D /* GraphViewController.m in Sources */ = {isa = PBXBuildFile; fileRef = 1EDC2FB418C09A8700B1776D /* GraphViewController.m */; };
/* End PBXBuildFile section */

/* Begin PBXContainerItemProxy section */
		1E6CDB9A18B447330063EB37 /* PBXContainerItemProxy */ = {
			isa = PBXContainerItemProxy;
			containerPortal = 1E6CDB6918B447330063EB37 /* Project object */;
			proxyType = 1;
			remoteGlobalIDString = 1E6CDB7018B447330063EB37;
			remoteInfo = Discount;
		};
/* End PBXContainerItemProxy section */

/* Begin PBXFileReference section */
		1E25386E18C19D6C002DDF9A /* GraphPartial.h */ = {isa = PBXFileReference; fileEncoding = 4; lastKnownFileType = sourcecode.c.h; path = GraphPartial.h; sourceTree = "<group>"; };
		1E25386F18C19D6C002DDF9A /* GraphPartial.m */ = {isa = PBXFileReference; fileEncoding = 4; lastKnownFileType = sourcecode.c.objc; path = GraphPartial.m; sourceTree = "<group>"; };
		1E6CDB7118B447330063EB37 /* Discount.app */ = {isa = PBXFileReference; explicitFileType = wrapper.application; includeInIndex = 0; path = Discount.app; sourceTree = BUILT_PRODUCTS_DIR; };
		1E6CDB7418B447330063EB37 /* Foundation.framework */ = {isa = PBXFileReference; lastKnownFileType = wrapper.framework; name = Foundation.framework; path = System/Library/Frameworks/Foundation.framework; sourceTree = SDKROOT; };
		1E6CDB7618B447330063EB37 /* CoreGraphics.framework */ = {isa = PBXFileReference; lastKnownFileType = wrapper.framework; name = CoreGraphics.framework; path = System/Library/Frameworks/CoreGraphics.framework; sourceTree = SDKROOT; };
		1E6CDB7818B447330063EB37 /* UIKit.framework */ = {isa = PBXFileReference; lastKnownFileType = wrapper.framework; name = UIKit.framework; path = System/Library/Frameworks/UIKit.framework; sourceTree = SDKROOT; };
		1E6CDB7C18B447330063EB37 /* Discount-Info.plist */ = {isa = PBXFileReference; lastKnownFileType = text.plist.xml; path = "Discount-Info.plist"; sourceTree = "<group>"; };
		1E6CDB7E18B447330063EB37 /* en */ = {isa = PBXFileReference; lastKnownFileType = text.plist.strings; name = en; path = en.lproj/InfoPlist.strings; sourceTree = "<group>"; };
		1E6CDB8018B447330063EB37 /* main.m */ = {isa = PBXFileReference; lastKnownFileType = sourcecode.c.objc; path = main.m; sourceTree = "<group>"; };
		1E6CDB8218B447330063EB37 /* Discount-Prefix.pch */ = {isa = PBXFileReference; lastKnownFileType = sourcecode.c.h; path = "Discount-Prefix.pch"; sourceTree = "<group>"; };
		1E6CDB8318B447330063EB37 /* AppDelegate.h */ = {isa = PBXFileReference; lastKnownFileType = sourcecode.c.h; path = AppDelegate.h; sourceTree = "<group>"; };
		1E6CDB8418B447330063EB37 /* AppDelegate.m */ = {isa = PBXFileReference; lastKnownFileType = sourcecode.c.objc; path = AppDelegate.m; sourceTree = "<group>"; };
		1E6CDB8718B447330063EB37 /* Base */ = {isa = PBXFileReference; lastKnownFileType = file.storyboard; name = Base; path = Base.lproj/Main_iPhone.storyboard; sourceTree = "<group>"; };
		1E6CDB8A18B447330063EB37 /* Base */ = {isa = PBXFileReference; lastKnownFileType = file.storyboard; name = Base; path = Base.lproj/Main_iPad.storyboard; sourceTree = "<group>"; };
		1E6CDB8F18B447330063EB37 /* Images.xcassets */ = {isa = PBXFileReference; lastKnownFileType = folder.assetcatalog; path = Images.xcassets; sourceTree = "<group>"; };
		1E6CDB9518B447330063EB37 /* DiscountTests.xctest */ = {isa = PBXFileReference; explicitFileType = wrapper.cfbundle; includeInIndex = 0; path = DiscountTests.xctest; sourceTree = BUILT_PRODUCTS_DIR; };
		1E6CDB9618B447330063EB37 /* XCTest.framework */ = {isa = PBXFileReference; lastKnownFileType = wrapper.framework; name = XCTest.framework; path = Library/Frameworks/XCTest.framework; sourceTree = DEVELOPER_DIR; };
		1E6CDB9E18B447330063EB37 /* DiscountTests-Info.plist */ = {isa = PBXFileReference; lastKnownFileType = text.plist.xml; path = "DiscountTests-Info.plist"; sourceTree = "<group>"; };
		1E6CDBA018B447330063EB37 /* en */ = {isa = PBXFileReference; lastKnownFileType = text.plist.strings; name = en; path = en.lproj/InfoPlist.strings; sourceTree = "<group>"; };
		1E6CDBA218B447330063EB37 /* DiscountTests.m */ = {isa = PBXFileReference; lastKnownFileType = sourcecode.c.objc; path = DiscountTests.m; sourceTree = "<group>"; };
		1E6CDBAC18B49A800063EB37 /* Price.h */ = {isa = PBXFileReference; fileEncoding = 4; lastKnownFileType = sourcecode.c.h; path = Price.h; sourceTree = "<group>"; };
		1E6CDBAD18B49A800063EB37 /* Price.m */ = {isa = PBXFileReference; fileEncoding = 4; lastKnownFileType = sourcecode.c.objc; path = Price.m; sourceTree = "<group>"; };
		1EC0B19B18C5BFCE00720C6A /* README.txt */ = {isa = PBXFileReference; fileEncoding = 4; lastKnownFileType = text; path = README.txt; sourceTree = "<group>"; };
		1EDC2FB018C099F600B1776D /* DiscountViewController.h */ = {isa = PBXFileReference; fileEncoding = 4; lastKnownFileType = sourcecode.c.h; path = DiscountViewController.h; sourceTree = "<group>"; };
		1EDC2FB118C099F600B1776D /* DiscountViewController.m */ = {isa = PBXFileReference; fileEncoding = 4; lastKnownFileType = sourcecode.c.objc; path = DiscountViewController.m; sourceTree = "<group>"; };
		1EDC2FB318C09A8700B1776D /* GraphViewController.h */ = {isa = PBXFileReference; fileEncoding = 4; lastKnownFileType = sourcecode.c.h; path = GraphViewController.h; sourceTree = "<group>"; };
		1EDC2FB418C09A8700B1776D /* GraphViewController.m */ = {isa = PBXFileReference; fileEncoding = 4; lastKnownFileType = sourcecode.c.objc; path = GraphViewController.m; sourceTree = "<group>"; };
/* End PBXFileReference section */

/* Begin PBXFrameworksBuildPhase section */
		1E6CDB6E18B447330063EB37 /* Frameworks */ = {
			isa = PBXFrameworksBuildPhase;
			buildActionMask = 2147483647;
			files = (
				1E6CDB7718B447330063EB37 /* CoreGraphics.framework in Frameworks */,
				1E6CDB7918B447330063EB37 /* UIKit.framework in Frameworks */,
				1E6CDB7518B447330063EB37 /* Foundation.framework in Frameworks */,
			);
			runOnlyForDeploymentPostprocessing = 0;
		};
		1E6CDB9218B447330063EB37 /* Frameworks */ = {
			isa = PBXFrameworksBuildPhase;
			buildActionMask = 2147483647;
			files = (
				1E6CDB9718B447330063EB37 /* XCTest.framework in Frameworks */,
				1E6CDB9918B447330063EB37 /* UIKit.framework in Frameworks */,
				1E6CDB9818B447330063EB37 /* Foundation.framework in Frameworks */,
			);
			runOnlyForDeploymentPostprocessing = 0;
		};
/* End PBXFrameworksBuildPhase section */

/* Begin PBXGroup section */
		1E6CDB6818B447330063EB37 = {
			isa = PBXGroup;
			children = (
				1E6CDB7A18B447330063EB37 /* Discount */,
				1E6CDB9C18B447330063EB37 /* DiscountTests */,
				1E6CDB7318B447330063EB37 /* Frameworks */,
				1E6CDB7218B447330063EB37 /* Products */,
			);
			sourceTree = "<group>";
		};
		1E6CDB7218B447330063EB37 /* Products */ = {
			isa = PBXGroup;
			children = (
				1E6CDB7118B447330063EB37 /* Discount.app */,
				1E6CDB9518B447330063EB37 /* DiscountTests.xctest */,
			);
			name = Products;
			sourceTree = "<group>";
		};
		1E6CDB7318B447330063EB37 /* Frameworks */ = {
			isa = PBXGroup;
			children = (
				1E6CDB7418B447330063EB37 /* Foundation.framework */,
				1E6CDB7618B447330063EB37 /* CoreGraphics.framework */,
				1E6CDB7818B447330063EB37 /* UIKit.framework */,
				1E6CDB9618B447330063EB37 /* XCTest.framework */,
			);
			name = Frameworks;
			sourceTree = "<group>";
		};
		1E6CDB7A18B447330063EB37 /* Discount */ = {
			isa = PBXGroup;
			children = (
				1E6CDB8318B447330063EB37 /* AppDelegate.h */,
				1E6CDB8418B447330063EB37 /* AppDelegate.m */,
				1E6CDB8618B447330063EB37 /* Main_iPhone.storyboard */,
				1E25386E18C19D6C002DDF9A /* GraphPartial.h */,
				1E25386F18C19D6C002DDF9A /* GraphPartial.m */,
				1EDC2FB318C09A8700B1776D /* GraphViewController.h */,
				1EDC2FB418C09A8700B1776D /* GraphViewController.m */,
				1E6CDBAC18B49A800063EB37 /* Price.h */,
				1E6CDBAD18B49A800063EB37 /* Price.m */,
				1E6CDB8918B447330063EB37 /* Main_iPad.storyboard */,
				1EDC2FB018C099F600B1776D /* DiscountViewController.h */,
				1EDC2FB118C099F600B1776D /* DiscountViewController.m */,
				1EC0B19B18C5BFCE00720C6A /* README.txt */,
				1E6CDB8F18B447330063EB37 /* Images.xcassets */,
				1E6CDB7B18B447330063EB37 /* Supporting Files */,
			);
			path = Discount;
			sourceTree = "<group>";
		};
		1E6CDB7B18B447330063EB37 /* Supporting Files */ = {
			isa = PBXGroup;
			children = (
				1E6CDB7C18B447330063EB37 /* Discount-Info.plist */,
				1E6CDB7D18B447330063EB37 /* InfoPlist.strings */,
				1E6CDB8018B447330063EB37 /* main.m */,
				1E6CDB8218B447330063EB37 /* Discount-Prefix.pch */,
			);
			name = "Supporting Files";
			sourceTree = "<group>";
		};
		1E6CDB9C18B447330063EB37 /* DiscountTests */ = {
			isa = PBXGroup;
			children = (
				1E6CDBA218B447330063EB37 /* DiscountTests.m */,
				1E6CDB9D18B447330063EB37 /* Supporting Files */,
			);
			path = DiscountTests;
			sourceTree = "<group>";
		};
		1E6CDB9D18B447330063EB37 /* Supporting Files */ = {
			isa = PBXGroup;
			children = (
				1E6CDB9E18B447330063EB37 /* DiscountTests-Info.plist */,
				1E6CDB9F18B447330063EB37 /* InfoPlist.strings */,
			);
			name = "Supporting Files";
			sourceTree = "<group>";
		};
/* End PBXGroup section */

/* Begin PBXNativeTarget section */
		1E6CDB7018B447330063EB37 /* Discount */ = {
			isa = PBXNativeTarget;
			buildConfigurationList = 1E6CDBA618B447330063EB37 /* Build configuration list for PBXNativeTarget "Discount" */;
			buildPhases = (
				1E6CDB6D18B447330063EB37 /* Sources */,
				1E6CDB6E18B447330063EB37 /* Frameworks */,
				1E6CDB6F18B447330063EB37 /* Resources */,
			);
			buildRules = (
			);
			dependencies = (
			);
			name = Discount;
			productName = Discount;
			productReference = 1E6CDB7118B447330063EB37 /* Discount.app */;
			productType = "com.apple.product-type.application";
		};
		1E6CDB9418B447330063EB37 /* DiscountTests */ = {
			isa = PBXNativeTarget;
			buildConfigurationList = 1E6CDBA918B447330063EB37 /* Build configuration list for PBXNativeTarget "DiscountTests" */;
			buildPhases = (
				1E6CDB9118B447330063EB37 /* Sources */,
				1E6CDB9218B447330063EB37 /* Frameworks */,
				1E6CDB9318B447330063EB37 /* Resources */,
			);
			buildRules = (
			);
			dependencies = (
				1E6CDB9B18B447330063EB37 /* PBXTargetDependency */,
			);
			name = DiscountTests;
			productName = DiscountTests;
			productReference = 1E6CDB9518B447330063EB37 /* DiscountTests.xctest */;
			productType = "com.apple.product-type.bundle.unit-test";
		};
/* End PBXNativeTarget section */

/* Begin PBXProject section */
		1E6CDB6918B447330063EB37 /* Project object */ = {
			isa = PBXProject;
			attributes = {
				LastUpgradeCheck = 0500;
				ORGANIZATIONNAME = "Austin White";
				TargetAttributes = {
					1E6CDB9418B447330063EB37 = {
						TestTargetID = 1E6CDB7018B447330063EB37;
					};
				};
			};
			buildConfigurationList = 1E6CDB6C18B447330063EB37 /* Build configuration list for PBXProject "Discount" */;
			compatibilityVersion = "Xcode 3.2";
			developmentRegion = English;
			hasScannedForEncodings = 0;
			knownRegions = (
				en,
				Base,
			);
			mainGroup = 1E6CDB6818B447330063EB37;
			productRefGroup = 1E6CDB7218B447330063EB37 /* Products */;
			projectDirPath = "";
			projectRoot = "";
			targets = (
				1E6CDB7018B447330063EB37 /* Discount */,
				1E6CDB9418B447330063EB37 /* DiscountTests */,
			);
		};
/* End PBXProject section */

/* Begin PBXResourcesBuildPhase section */
		1E6CDB6F18B447330063EB37 /* Resources */ = {
			isa = PBXResourcesBuildPhase;
			buildActionMask = 2147483647;
			files = (
				1E6CDB8B18B447330063EB37 /* Main_iPad.storyboard in Resources */,
				1E6CDB9018B447330063EB37 /* Images.xcassets in Resources */,
				1E6CDB8818B447330063EB37 /* Main_iPhone.storyboard in Resources */,
				1E6CDB7F18B447330063EB37 /* InfoPlist.strings in Resources */,
				1EC0B19C18C5BFCE00720C6A /* README.txt in Resources */,
			);
			runOnlyForDeploymentPostprocessing = 0;
		};
		1E6CDB9318B447330063EB37 /* Resources */ = {
			isa = PBXResourcesBuildPhase;
			buildActionMask = 2147483647;
			files = (
				1E6CDBA118B447330063EB37 /* InfoPlist.strings in Resources */,
			);
			runOnlyForDeploymentPostprocessing = 0;
		};
/* End PBXResourcesBuildPhase section */

/* Begin PBXSourcesBuildPhase section */
		1E6CDB6D18B447330063EB37 /* Sources */ = {
			isa = PBXSourcesBuildPhase;
			buildActionMask = 2147483647;
			files = (
				1E6CDBAE18B49A800063EB37 /* Price.m in Sources */,
				1E6CDB8518B447330063EB37 /* AppDelegate.m in Sources */,
				1E25387018C19D6C002DDF9A /* GraphPartial.m in Sources */,
				1E6CDB8118B447330063EB37 /* main.m in Sources */,
				1EDC2FB518C09A8700B1776D /* GraphViewController.m in Sources */,
				1EDC2FB218C099F600B1776D /* DiscountViewController.m in Sources */,
			);
			runOnlyForDeploymentPostprocessing = 0;
		};
		1E6CDB9118B447330063EB37 /* Sources */ = {
			isa = PBXSourcesBuildPhase;
			buildActionMask = 2147483647;
			files = (
				1E6CDBA318B447330063EB37 /* DiscountTests.m in Sources */,
			);
			runOnlyForDeploymentPostprocessing = 0;
		};
/* End PBXSourcesBuildPhase section */

/* Begin PBXTargetDependency section */
		1E6CDB9B18B447330063EB37 /* PBXTargetDependency */ = {
			isa = PBXTargetDependency;
			target = 1E6CDB7018B447330063EB37 /* Discount */;
			targetProxy = 1E6CDB9A18B447330063EB37 /* PBXContainerItemProxy */;
		};
/* End PBXTargetDependency section */

/* Begin PBXVariantGroup section */
		1E6CDB7D18B447330063EB37 /* InfoPlist.strings */ = {
			isa = PBXVariantGroup;
			children = (
				1E6CDB7E18B447330063EB37 /* en */,
			);
			name = InfoPlist.strings;
			sourceTree = "<group>";
		};
		1E6CDB8618B447330063EB37 /* Main_iPhone.storyboard */ = {
			isa = PBXVariantGroup;
			children = (
				1E6CDB8718B447330063EB37 /* Base */,
			);
			name = Main_iPhone.storyboard;
			sourceTree = "<group>";
		};
		1E6CDB8918B447330063EB37 /* Main_iPad.storyboard */ = {
			isa = PBXVariantGroup;
			children = (
				1E6CDB8A18B447330063EB37 /* Base */,
			);
			name = Main_iPad.storyboard;
			sourceTree = "<group>";
		};
		1E6CDB9F18B447330063EB37 /* InfoPlist.strings */ = {
			isa = PBXVariantGroup;
			children = (
				1E6CDBA018B447330063EB37 /* en */,
			);
			name = InfoPlist.strings;
			sourceTree = "<group>";
		};
/* End PBXVariantGroup section */

/* Begin XCBuildConfiguration section */
		1E6CDBA418B447330063EB37 /* Debug */ = {
			isa = XCBuildConfiguration;
			buildSettings = {
				ALWAYS_SEARCH_USER_PATHS = NO;
				ARCHS = "$(ARCHS_STANDARD_INCLUDING_64_BIT)";
				CLANG_CXX_LANGUAGE_STANDARD = "gnu++0x";
				CLANG_CXX_LIBRARY = "libc++";
				CLANG_ENABLE_MODULES = YES;
				CLANG_ENABLE_OBJC_ARC = YES;
				CLANG_WARN_BOOL_CONVERSION = YES;
				CLANG_WARN_CONSTANT_CONVERSION = YES;
				CLANG_WARN_DIRECT_OBJC_ISA_USAGE = YES_ERROR;
				CLANG_WARN_EMPTY_BODY = YES;
				CLANG_WARN_ENUM_CONVERSION = YES;
				CLANG_WARN_INT_CONVERSION = YES;
				CLANG_WARN_OBJC_ROOT_CLASS = YES_ERROR;
				CLANG_WARN__DUPLICATE_METHOD_MATCH = YES;
				"CODE_SIGN_IDENTITY[sdk=iphoneos*]" = "iPhone Developer";
				COPY_PHASE_STRIP = NO;
				GCC_C_LANGUAGE_STANDARD = gnu99;
				GCC_DYNAMIC_NO_PIC = NO;
				GCC_OPTIMIZATION_LEVEL = 0;
				GCC_PREPROCESSOR_DEFINITIONS = (
					"DEBUG=1",
					"$(inherited)",
				);
				GCC_SYMBOLS_PRIVATE_EXTERN = NO;
				GCC_WARN_64_TO_32_BIT_CONVERSION = YES;
				GCC_WARN_ABOUT_RETURN_TYPE = YES_ERROR;
				GCC_WARN_UNDECLARED_SELECTOR = YES;
				GCC_WARN_UNINITIALIZED_AUTOS = YES;
				GCC_WARN_UNUSED_FUNCTION = YES;
				GCC_WARN_UNUSED_VARIABLE = YES;
				IPHONEOS_DEPLOYMENT_TARGET = 7.0;
				ONLY_ACTIVE_ARCH = YES;
				SDKROOT = iphoneos;
				TARGETED_DEVICE_FAMILY = "1,2";
			};
			name = Debug;
		};
		1E6CDBA518B447330063EB37 /* Release */ = {
			isa = XCBuildConfiguration;
			buildSettings = {
				ALWAYS_SEARCH_USER_PATHS = NO;
				ARCHS = "$(ARCHS_STANDARD_INCLUDING_64_BIT)";
				CLANG_CXX_LANGUAGE_STANDARD = "gnu++0x";
				CLANG_CXX_LIBRARY = "libc++";
				CLANG_ENABLE_MODULES = YES;
				CLANG_ENABLE_OBJC_ARC = YES;
				CLANG_WARN_BOOL_CONVERSION = YES;
				CLANG_WARN_CONSTANT_CONVERSION = YES;
				CLANG_WARN_DIRECT_OBJC_ISA_USAGE = YES_ERROR;
				CLANG_WARN_EMPTY_BODY = YES;
				CLANG_WARN_ENUM_CONVERSION = YES;
				CLANG_WARN_INT_CONVERSION = YES;
				CLANG_WARN_OBJC_ROOT_CLASS = YES_ERROR;
				CLANG_WARN__DUPLICATE_METHOD_MATCH = YES;
				"CODE_SIGN_IDENTITY[sdk=iphoneos*]" = "iPhone Developer";
				COPY_PHASE_STRIP = YES;
				ENABLE_NS_ASSERTIONS = NO;
				GCC_C_LANGUAGE_STANDARD = gnu99;
				GCC_WARN_64_TO_32_BIT_CONVERSION = YES;
				GCC_WARN_ABOUT_RETURN_TYPE = YES_ERROR;
				GCC_WARN_UNDECLARED_SELECTOR = YES;
				GCC_WARN_UNINITIALIZED_AUTOS = YES;
				GCC_WARN_UNUSED_FUNCTION = YES;
				GCC_WARN_UNUSED_VARIABLE = YES;
				IPHONEOS_DEPLOYMENT_TARGET = 7.0;
				SDKROOT = iphoneos;
				TARGETED_DEVICE_FAMILY = "1,2";
				VALIDATE_PRODUCT = YES;
			};
			name = Release;
		};
		1E6CDBA718B447330063EB37 /* Debug */ = {
			isa = XCBuildConfiguration;
			buildSettings = {
				ASSETCATALOG_COMPILER_APPICON_NAME = AppIcon;
				ASSETCATALOG_COMPILER_LAUNCHIMAGE_NAME = LaunchImage;
				GCC_PRECOMPILE_PREFIX_HEADER = YES;
				GCC_PREFIX_HEADER = "Discount/Discount-Prefix.pch";
				INFOPLIST_FILE = "Discount/Discount-Info.plist";
				PRODUCT_NAME = "$(TARGET_NAME)";
				WRAPPER_EXTENSION = app;
			};
			name = Debug;
		};
		1E6CDBA818B447330063EB37 /* Release */ = {
			isa = XCBuildConfiguration;
			buildSettings = {
				ASSETCATALOG_COMPILER_APPICON_NAME = AppIcon;
				ASSETCATALOG_COMPILER_LAUNCHIMAGE_NAME = LaunchImage;
				GCC_PRECOMPILE_PREFIX_HEADER = YES;
				GCC_PREFIX_HEADER = "Discount/Discount-Prefix.pch";
				INFOPLIST_FILE = "Discount/Discount-Info.plist";
				PRODUCT_NAME = "$(TARGET_NAME)";
				WRAPPER_EXTENSION = app;
			};
			name = Release;
		};
		1E6CDBAA18B447330063EB37 /* Debug */ = {
			isa = XCBuildConfiguration;
			buildSettings = {
				ARCHS = "$(ARCHS_STANDARD_INCLUDING_64_BIT)";
				BUNDLE_LOADER = "$(BUILT_PRODUCTS_DIR)/Discount.app/Discount";
				FRAMEWORK_SEARCH_PATHS = (
					"$(SDKROOT)/Developer/Library/Frameworks",
					"$(inherited)",
					"$(DEVELOPER_FRAMEWORKS_DIR)",
				);
				GCC_PRECOMPILE_PREFIX_HEADER = YES;
				GCC_PREFIX_HEADER = "Discount/Discount-Prefix.pch";
				GCC_PREPROCESSOR_DEFINITIONS = (
					"DEBUG=1",
					"$(inherited)",
				);
				INFOPLIST_FILE = "DiscountTests/DiscountTests-Info.plist";
				PRODUCT_NAME = "$(TARGET_NAME)";
				TEST_HOST = "$(BUNDLE_LOADER)";
				WRAPPER_EXTENSION = xctest;
			};
			name = Debug;
		};
		1E6CDBAB18B447330063EB37 /* Release */ = {
			isa = XCBuildConfiguration;
			buildSettings = {
				ARCHS = "$(ARCHS_STANDARD_INCLUDING_64_BIT)";
				BUNDLE_LOADER = "$(BUILT_PRODUCTS_DIR)/Discount.app/Discount";
				FRAMEWORK_SEARCH_PATHS = (
					"$(SDKROOT)/Developer/Library/Frameworks",
					"$(inherited)",
					"$(DEVELOPER_FRAMEWORKS_DIR)",
				);
				GCC_PRECOMPILE_PREFIX_HEADER = YES;
				GCC_PREFIX_HEADER = "Discount/Discount-Prefix.pch";
				INFOPLIST_FILE = "DiscountTests/DiscountTests-Info.plist";
				PRODUCT_NAME = "$(TARGET_NAME)";
				TEST_HOST = "$(BUNDLE_LOADER)";
				WRAPPER_EXTENSION = xctest;
			};
			name = Release;
		};
/* End XCBuildConfiguration section */

/* Begin XCConfigurationList section */
		1E6CDB6C18B447330063EB37 /* Build configuration list for PBXProject "Discount" */ = {
			isa = XCConfigurationList;
			buildConfigurations = (
				1E6CDBA418B447330063EB37 /* Debug */,
				1E6CDBA518B447330063EB37 /* Release */,
			);
			defaultConfigurationIsVisible = 0;
			defaultConfigurationName = Release;
		};
		1E6CDBA618B447330063EB37 /* Build configuration list for PBXNativeTarget "Discount" */ = {
			isa = XCConfigurationList;
			buildConfigurations = (
				1E6CDBA718B447330063EB37 /* Debug */,
				1E6CDBA818B447330063EB37 /* Release */,
			);
			defaultConfigurationIsVisible = 0;
			defaultConfigurationName = Release;
		};
		1E6CDBA918B447330063EB37 /* Build configuration list for PBXNativeTarget "DiscountTests" */ = {
			isa = XCConfigurationList;
			buildConfigurations = (
				1E6CDBAA18B447330063EB37 /* Debug */,
				1E6CDBAB18B447330063EB37 /* Release */,
			);
			defaultConfigurationIsVisible = 0;
			defaultConfigurationName = Release;
		};
/* End XCConfigurationList section */
	};
	rootObject = 1E6CDB6918B447330063EB37 /* Project object */;
}
